
Microsoft Visual Studio Solution File, Format Version 12.00
# Visual Studio 14
VisualStudioVersion = 14.0.25420.1
MinimumVisualStudioVersion = 10.0.40219.1
Project("{FAE04EC0-301F-11D3-BF4B-00C04F79EFBC}") = "hestonSimulation_multiThread", "hestonSimulation_multiThread\hestonSimulation_multiThread.csproj", "{135FD5A5-62E0-4F12-B6CB-148524BFDD50}"
EndProject
Project("{FAE04EC0-301F-11D3-BF4B-00C04F79EFBC}") = "ParallelTest", "ParallelTest\ParallelTest.csproj", "{9C64C50C-058F-49E2-A5EA-DF2D9F039D09}"
EndProject
Global
	GlobalSection(SolutionConfigurationPlatforms) = preSolution
		Debug|Any CPU = Debug|Any CPU
		Release|Any CPU = Release|Any CPU
	EndGlobalSection
	GlobalSection(ProjectConfigurationPlatforms) = postSolution
		{135FD5A5-62E0-4F12-B6CB-148524BFDD50}.Debug|Any CPU.ActiveCfg = Debug|Any CPU
		{135FD5A5-62E0-4F12-B6CB-148524BFDD50}.Debug|Any CPU.Build.0 = Debug|Any CPU
		{135FD5A5-62E0-4F12-B6CB-148524BFDD50}.Release|Any CPU.ActiveCfg = Release|Any CPU
		{135FD5A5-62E0-4F12-B6CB-148524BFDD50}.Release|Any CPU.Build.0 = Release|Any CPU
		{9C64C50C-058F-49E2-A5EA-DF2D9F039D09}.Debug|Any CPU.ActiveCfg = Debug|Any CPU
		{9C64C50C-058F-49E2-A5EA-DF2D9F039D09}.Debug|Any CPU.Build.0 = Debug|Any CPU
		{9C64C50C-058F-49E2-A5EA-DF2D9F039D09}.Release|Any CPU.ActiveCfg = Release|Any CPU
		{9C64C50C-058F-49E2-A5EA-DF2D9F039D09}.Release|Any CPU.Build.0 = Release|Any CPU
	EndGlobalSection
	GlobalSection(SolutionProperties) = preSolution
		HideSolutionNode = FALSE
	EndGlobalSection
EndGlobal
